github.com/thereisnoplanb/globalization v0.0.0-20250522152151-aa347705402c h1:fRpF1P7WyhTvkCVh62X0ZmYdZ/3TemcaZ2ypgrPNZkI=
github.com/thereisnoplanb/globalization v0.0.0-20250522152151-aa347705402c/go.mod h1:c78lvi0gClb1Uco/zsdy6CPMx2qf6Mnw5dZoVWmJwVY=
github.com/thereisnoplanb/vies v1.0.1 h1:36hcvc1HxF6YHSe2WMJSrNXz2TxYxiRS3G0ftWLzPL0=
github.com/thereisnoplanb/vies v1.0.1/go.mod h1:9UdtJs+XaBhRHkZuooLJLoYj6Nk1Bl+mjXVHdIzY5Sk=
